<?xml version="1.0" encoding="utf-8"?>
<Project ToolsVersion="4.0" xmlns="http://schemas.microsoft.com/developer/msbuild/2003">
  <ItemGroup>
    <ClCompile Include="p2Log.cpp">
      <Filter>P2</Filter>
    </ClCompile>
    <ClCompile Include="j1Scene.cpp">
      <Filter>Game\Scenes</Filter>
    </ClCompile>
    <ClCompile Include="PugiXml\src\pugixml.cpp">
      <Filter>Tools\PuguiXML</Filter>
    </ClCompile>
    <ClCompile Include="j1Render.cpp">
      <Filter>Game\Modules\Graphics</Filter>
    </ClCompile>
    <ClCompile Include="j1Textures.cpp">
      <Filter>Game\Modules\Graphics</Filter>
    </ClCompile>
    <ClCompile Include="j1Window.cpp">
      <Filter>Game\Modules\Controllers</Filter>
    </ClCompile>
    <ClCompile Include="j1Input.cpp">
      <Filter>Game\Modules\Controllers</Filter>
    </ClCompile>
    <ClCompile Include="j1Audio.cpp">
      <Filter>Game\Modules\Controllers</Filter>
    </ClCompile>
    <ClCompile Include="j1Map.cpp">
      <Filter>Game\Modules\Controllers</Filter>
    </ClCompile>
    <ClCompile Include="j1App.cpp">
      <Filter>Game\Basis</Filter>
    </ClCompile>
    <ClCompile Include="j1Main.cpp">
      <Filter>Game\Basis</Filter>
    </ClCompile>
  </ItemGroup>
  <ItemGroup>
    <ClInclude Include="p2Defs.h">
      <Filter>P2</Filter>
    </ClInclude>
    <ClInclude Include="p2List.h">
      <Filter>P2</Filter>
    </ClInclude>
    <ClInclude Include="p2Log.h">
      <Filter>P2</Filter>
    </ClInclude>
    <ClInclude Include="p2SString.h">
      <Filter>P2</Filter>
    </ClInclude>
    <ClInclude Include="p2Point.h">
      <Filter>P2</Filter>
    </ClInclude>
    <ClInclude Include="p2DynArray.h">
      <Filter>P2</Filter>
    </ClInclude>
    <ClInclude Include="j1Scene.h">
      <Filter>Game\Scenes</Filter>
    </ClInclude>
    <ClInclude Include="PugiXml\src\pugiconfig.hpp">
      <Filter>Tools\PuguiXML</Filter>
    </ClInclude>
    <ClInclude Include="PugiXml\src\pugixml.hpp">
      <Filter>Tools\PuguiXML</Filter>
    </ClInclude>
    <ClInclude Include="j1Textures.h">
      <Filter>Game\Modules\Graphics</Filter>
    </ClInclude>
    <ClInclude Include="j1Render.h">
      <Filter>Game\Modules\Graphics</Filter>
    </ClInclude>
    <ClInclude Include="j1Window.h">
      <Filter>Game\Modules\Controllers</Filter>
    </ClInclude>
    <ClInclude Include="j1Input.h">
      <Filter>Game\Modules\Controllers</Filter>
    </ClInclude>
    <ClInclude Include="j1Audio.h">
      <Filter>Game\Modules\Controllers</Filter>
    </ClInclude>
    <ClInclude Include="j1Map.h">
      <Filter>Game\Modules\Controllers</Filter>
    </ClInclude>
    <ClInclude Include="j1Module.h">
      <Filter>Game\Basis</Filter>
    </ClInclude>
    <ClInclude Include="j1App.h">
      <Filter>Game\Basis</Filter>
    </ClInclude>
  </ItemGroup>
  <ItemGroup>
    <Filter Include="Tools">
      <UniqueIdentifier>{42c748be-4a37-49de-970f-5be811d06b38}</UniqueIdentifier>
    </Filter>
    <Filter Include="Tools\PuguiXML">
      <UniqueIdentifier>{7cb78d67-17cc-45eb-af97-e2106becce7b}</UniqueIdentifier>
    </Filter>
    <Filter Include="P2">
      <UniqueIdentifier>{a8bfab6a-5472-4969-943e-861a8b493f08}</UniqueIdentifier>
    </Filter>
    <Filter Include="Game">
      <UniqueIdentifier>{a7cd6c8c-a0f8-4837-9433-c67f27037a74}</UniqueIdentifier>
    </Filter>
    <Filter Include="Game\Scenes">
      <UniqueIdentifier>{e07660eb-d36f-4cc9-af59-324d31c2f2f6}</UniqueIdentifier>
    </Filter>
    <Filter Include="Game\Modules">
      <UniqueIdentifier>{244722d1-90ce-423d-8e7a-556211865a32}</UniqueIdentifier>
    </Filter>
    <Filter Include="Game\Modules\Graphics">
      <UniqueIdentifier>{3738e32c-e9fb-4fb6-942a-2b23c947eb08}</UniqueIdentifier>
    </Filter>
    <Filter Include="Game\Modules\Controllers">
      <UniqueIdentifier>{eb6cec55-2c36-4550-b782-e9f68f18cf98}</UniqueIdentifier>
    </Filter>
    <Filter Include="Game\Basis">
      <UniqueIdentifier>{d66fd4b4-250d-43a3-821a-05223dec87e3}</UniqueIdentifier>
    </Filter>
    <Filter Include="Game\Player">
      <UniqueIdentifier>{19526eed-ed06-4e3e-a903-1d2ced962642}</UniqueIdentifier>
    </Filter>
  </ItemGroup>
</Project>