<?xml version="1.0" encoding="utf-8"?>
<Project ToolsVersion="4.0" xmlns="http://schemas.microsoft.com/developer/msbuild/2003">
  <ItemGroup>
    <ClCompile Include="j1App.cpp">
      <Filter>Core</Filter>
    </ClCompile>
    <ClCompile Include="j1Main.cpp">
      <Filter>Core</Filter>
    </ClCompile>
    <ClCompile Include="p2Log.cpp">
      <Filter>Core\Utilities</Filter>
    </ClCompile>
    <ClCompile Include="j1Scene.cpp">
      <Filter>Modules\Scenes</Filter>
    </ClCompile>
    <ClCompile Include="PugiXml\src\pugixml.cpp">
      <Filter>Core\Tools\PuguiXML</Filter>
    </ClCompile>
    <ClCompile Include="j1Audio.cpp">
      <Filter>Modules\Controllers\General</Filter>
    </ClCompile>
    <ClCompile Include="j1Input.cpp">
      <Filter>Modules\Controllers\General</Filter>
    </ClCompile>
    <ClCompile Include="j1Render.cpp">
      <Filter>Modules\Controllers\General</Filter>
    </ClCompile>
    <ClCompile Include="j1Window.cpp">
      <Filter>Modules\Controllers\General</Filter>
    </ClCompile>
    <ClCompile Include="j1Fade.cpp">
      <Filter>Modules\Controllers\Specific</Filter>
    </ClCompile>
    <ClCompile Include="j1Map.cpp">
      <Filter>Modules\Controllers\Specific</Filter>
    </ClCompile>
    <ClCompile Include="j1Textures.cpp">
      <Filter>Modules\Controllers\Specific</Filter>
    </ClCompile>
    <ClCompile Include="j1Collisions.cpp">
      <Filter>Modules\Physics</Filter>
    </ClCompile>
    <ClCompile Include="j1Pathfinding.cpp">
      <Filter>Modules\Controllers\Specific</Filter>
    </ClCompile>
    <ClCompile Include="j1PerfTimer.cpp">
      <Filter>Core\Tools</Filter>
    </ClCompile>
    <ClCompile Include="j1Timer.cpp">
      <Filter>Core\Tools</Filter>
    </ClCompile>
    <ClCompile Include="j1EntityManager.cpp">
      <Filter>Modules\Entities</Filter>
    </ClCompile>
    <ClCompile Include="j1Player.cpp">
      <Filter>Modules\Player</Filter>
    </ClCompile>
    <ClCompile Include="j1EnemyFlyer.cpp">
      <Filter>Modules\Entities\Enemies</Filter>
    </ClCompile>
    <ClCompile Include="j1EnemyWalker.cpp">
      <Filter>Modules\Entities\Enemies</Filter>
    </ClCompile>
    <ClCompile Include="j1Enemy.cpp">
      <Filter>Modules\Entities\General Entities</Filter>
    </ClCompile>
  </ItemGroup>
  <ItemGroup>
    <ClInclude Include="j1App.h">
      <Filter>Core</Filter>
    </ClInclude>
    <ClInclude Include="j1Module.h">
      <Filter>Core</Filter>
    </ClInclude>
    <ClInclude Include="p2Defs.h">
      <Filter>Core\Utilities</Filter>
    </ClInclude>
    <ClInclude Include="p2List.h">
      <Filter>Core\Utilities</Filter>
    </ClInclude>
    <ClInclude Include="p2Log.h">
      <Filter>Core\Utilities</Filter>
    </ClInclude>
    <ClInclude Include="p2SString.h">
      <Filter>Core\Utilities</Filter>
    </ClInclude>
    <ClInclude Include="p2Point.h">
      <Filter>Core\Utilities</Filter>
    </ClInclude>
    <ClInclude Include="p2DynArray.h">
      <Filter>Core\Utilities</Filter>
    </ClInclude>
    <ClInclude Include="j1Scene.h">
      <Filter>Modules\Scenes</Filter>
    </ClInclude>
    <ClInclude Include="PugiXml\src\pugiconfig.hpp">
      <Filter>Core\Tools\PuguiXML</Filter>
    </ClInclude>
    <ClInclude Include="PugiXml\src\pugixml.hpp">
      <Filter>Core\Tools\PuguiXML</Filter>
    </ClInclude>
    <ClInclude Include="Animation.h">
      <Filter>Core</Filter>
    </ClInclude>
    <ClInclude Include="j1Audio.h">
      <Filter>Modules\Controllers\General</Filter>
    </ClInclude>
    <ClInclude Include="j1Input.h">
      <Filter>Modules\Controllers\General</Filter>
    </ClInclude>
    <ClInclude Include="j1Render.h">
      <Filter>Modules\Controllers\General</Filter>
    </ClInclude>
    <ClInclude Include="j1Window.h">
      <Filter>Modules\Controllers\General</Filter>
    </ClInclude>
    <ClInclude Include="j1Fade.h">
      <Filter>Modules\Controllers\Specific</Filter>
    </ClInclude>
    <ClInclude Include="j1Map.h">
      <Filter>Modules\Controllers\Specific</Filter>
    </ClInclude>
    <ClInclude Include="j1Textures.h">
      <Filter>Modules\Controllers\Specific</Filter>
    </ClInclude>
    <ClInclude Include="j1Player.h">
      <Filter>Modules\Player</Filter>
    </ClInclude>
    <ClInclude Include="j1Collisions.h">
      <Filter>Modules\Physics</Filter>
    </ClInclude>
    <ClInclude Include="j1Pathfinding.h">
      <Filter>Modules\Controllers\Specific</Filter>
    </ClInclude>
    <ClInclude Include="j1PerfTimer.h">
      <Filter>Core\Tools</Filter>
    </ClInclude>
    <ClInclude Include="j1Timer.h">
      <Filter>Core\Tools</Filter>
    </ClInclude>
    <ClInclude Include="j1EntityManager.h">
      <Filter>Modules\Entities</Filter>
    </ClInclude>
    <ClInclude Include="j1EnemyFlyer.h">
      <Filter>Modules\Entities\Enemies</Filter>
    </ClInclude>
    <ClInclude Include="j1EnemyWalker.h">
      <Filter>Modules\Entities\Enemies</Filter>
    </ClInclude>
    <ClInclude Include="j1Entity.h">
      <Filter>Modules\Entities\General Entities</Filter>
    </ClInclude>
    <ClInclude Include="j1Enemy.h">
      <Filter>Modules\Entities\General Entities</Filter>
    </ClInclude>
  </ItemGroup>
  <ItemGroup>
    <Filter Include="Core">
      <UniqueIdentifier>{cb944693-b9d0-484c-bad2-02d5a7cdbec6}</UniqueIdentifier>
    </Filter>
    <Filter Include="Core\Tools">
      <UniqueIdentifier>{42c748be-4a37-49de-970f-5be811d06b38}</UniqueIdentifier>
    </Filter>
    <Filter Include="Core\Tools\PuguiXML">
      <UniqueIdentifier>{7cb78d67-17cc-45eb-af97-e2106becce7b}</UniqueIdentifier>
    </Filter>
    <Filter Include="Modules">
      <UniqueIdentifier>{2cd21bc9-8e77-47cb-b719-b54e647419b3}</UniqueIdentifier>
    </Filter>
    <Filter Include="Core\Utilities">
      <UniqueIdentifier>{a8bfab6a-5472-4969-943e-861a8b493f08}</UniqueIdentifier>
    </Filter>
    <Filter Include="Modules\Controllers">
      <UniqueIdentifier>{19d5a72b-afdd-453e-9caa-df0d4be50e5a}</UniqueIdentifier>
    </Filter>
    <Filter Include="Modules\Controllers\General">
      <UniqueIdentifier>{2277437d-3b8c-4794-b159-594f6c084e16}</UniqueIdentifier>
    </Filter>
    <Filter Include="Modules\Controllers\Specific">
      <UniqueIdentifier>{3bea4882-1ff0-4da4-a9a0-df345f2616f3}</UniqueIdentifier>
    </Filter>
    <Filter Include="Modules\Physics">
      <UniqueIdentifier>{1bb70b6c-c88a-4e93-bb0b-48c754bdbd2f}</UniqueIdentifier>
    </Filter>
    <Filter Include="Modules\Player">
      <UniqueIdentifier>{6a1cbc12-b0bb-413b-82d9-cce18e5530a0}</UniqueIdentifier>
    </Filter>
    <Filter Include="Modules\Scenes">
      <UniqueIdentifier>{e07660eb-d36f-4cc9-af59-324d31c2f2f6}</UniqueIdentifier>
    </Filter>
    <Filter Include="Modules\Entities">
      <UniqueIdentifier>{2b1e65e7-d48f-41f7-bd79-a4b616082056}</UniqueIdentifier>
    </Filter>
    <Filter Include="Modules\Entities\Enemies">
      <UniqueIdentifier>{88e4635f-66b4-4b67-b1ab-7812cf6f0f63}</UniqueIdentifier>
    </Filter>
    <Filter Include="Modules\Entities\General Entities">
      <UniqueIdentifier>{f8768b59-3d48-4d95-892f-a72802aab2fd}</UniqueIdentifier>
    </Filter>
  </ItemGroup>
</Project>